
Microsoft Visual Studio Solution File, Format Version 12.00
# Visual Studio Version 16
VisualStudioVersion = 16.0.31624.102
MinimumVisualStudioVersion = 10.0.40219.1
Project("{8BC9CEB8-8B4A-11D0-8D11-00A0C91BC942}") = "lab1.6", "lab1.6.vcxproj", "{88FE3C33-06BD-4F6F-A104-CEE669A37D99}"
EndProject
Project("{8BC9CEB8-8B4A-11D0-8D11-00A0C91BC942}") = "UTlab1.6", "UTlab1.6\UTlab1.6.vcxproj", "{CB12AB38-1F05-47B4-836C-5AFBA00CBFA0}"
EndProject
Global
	GlobalSection(SolutionConfigurationPlatforms) = preSolution
		Debug|x64 = Debug|x64
		Debug|x86 = Debug|x86
		Release|x64 = Release|x64
		Release|x86 = Release|x86
	EndGlobalSection
	GlobalSection(ProjectConfigurationPlatforms) = postSolution
		{88FE3C33-06BD-4F6F-A104-CEE669A37D99}.Debug|x64.ActiveCfg = Debug|x64
		{88FE3C33-06BD-4F6F-A104-CEE669A37D99}.Debug|x64.Build.0 = Debug|x64
		{88FE3C33-06BD-4F6F-A104-CEE669A37D99}.Debug|x86.ActiveCfg = Debug|Win32
		{88FE3C33-06BD-4F6F-A104-CEE669A37D99}.Debug|x86.Build.0 = Debug|Win32
		{88FE3C33-06BD-4F6F-A104-CEE669A37D99}.Release|x64.ActiveCfg = Release|x64
		{88FE3C33-06BD-4F6F-A104-CEE669A37D99}.Release|x64.Build.0 = Release|x64
		{88FE3C33-06BD-4F6F-A104-CEE669A37D99}.Release|x86.ActiveCfg = Release|Win32
		{88FE3C33-06BD-4F6F-A104-CEE669A37D99}.Release|x86.Build.0 = Release|Win32
		{CB12AB38-1F05-47B4-836C-5AFBA00CBFA0}.Debug|x64.ActiveCfg = Debug|x64
		{CB12AB38-1F05-47B4-836C-5AFBA00CBFA0}.Debug|x64.Build.0 = Debug|x64
		{CB12AB38-1F05-47B4-836C-5AFBA00CBFA0}.Debug|x86.ActiveCfg = Debug|Win32
		{CB12AB38-1F05-47B4-836C-5AFBA00CBFA0}.Debug|x86.Build.0 = Debug|Win32
		{CB12AB38-1F05-47B4-836C-5AFBA00CBFA0}.Release|x64.ActiveCfg = Release|x64
		{CB12AB38-1F05-47B4-836C-5AFBA00CBFA0}.Release|x64.Build.0 = Release|x64
		{CB12AB38-1F05-47B4-836C-5AFBA00CBFA0}.Release|x86.ActiveCfg = Release|Win32
		{CB12AB38-1F05-47B4-836C-5AFBA00CBFA0}.Release|x86.Build.0 = Release|Win32
	EndGlobalSection
	GlobalSection(SolutionProperties) = preSolution
		HideSolutionNode = FALSE
	EndGlobalSection
	GlobalSection(ExtensibilityGlobals) = postSolution
		SolutionGuid = {AADF4103-D5BE-4532-AA38-4BA07C1C777D}
	EndGlobalSection
EndGlobal
